Microsoft Visual Studio Solution File, Format Version 12.00
# Visual Studio Version 17
VisualStudioVersion = 17.0.31903.59
MinimumVisualStudioVersion = 10.0.40219.1
Project("{FAE04EC0-301F-11D3-BF4B-00C04F79EFBC}") = "RevitLightingPlugin", "RevitLightingPlugin.csproj", "{B8D7C3F2-9E5A-4A1F-8D2B-3E6F9A7C5D1E}"
EndProject
Global
	GlobalSection(SolutionConfigurationPlatforms) = preSolution
		Debug R24|x64 = Debug R24|x64
		Release R24|x64 = Release R24|x64
		Debug R25|x64 = Debug R25|x64
		Release R25|x64 = Release R25|x64
		Debug R26|x64 = Debug R26|x64
		Release R26|x64 = Release R26|x64
	EndGlobalSection
	GlobalSection(ProjectConfigurationPlatforms) = postSolution
		{B8D7C3F2-9E5A-4A1F-8D2B-3E6F9A7C5D1E}.Debug R24|x64.ActiveCfg = Debug R24|x64
		{B8D7C3F2-9E5A-4A1F-8D2B-3E6F9A7C5D1E}.Debug R24|x64.Build.0 = Debug R24|x64
		{B8D7C3F2-9E5A-4A1F-8D2B-3E6F9A7C5D1E}.Release R24|x64.ActiveCfg = Release R24|x64
		{B8D7C3F2-9E5A-4A1F-8D2B-3E6F9A7C5D1E}.Release R24|x64.Build.0 = Release R24|x64
		{B8D7C3F2-9E5A-4A1F-8D2B-3E6F9A7C5D1E}.Debug R25|x64.ActiveCfg = Debug R25|x64
		{B8D7C3F2-9E5A-4A1F-8D2B-3E6F9A7C5D1E}.Debug R25|x64.Build.0 = Debug R25|x64
		{B8D7C3F2-9E5A-4A1F-8D2B-3E6F9A7C5D1E}.Release R25|x64.ActiveCfg = Release R25|x64
		{B8D7C3F2-9E5A-4A1F-8D2B-3E6F9A7C5D1E}.Release R25|x64.Build.0 = Release R25|x64
		{B8D7C3F2-9E5A-4A1F-8D2B-3E6F9A7C5D1E}.Debug R26|x64.ActiveCfg = Debug R26|x64
		{B8D7C3F2-9E5A-4A1F-8D2B-3E6F9A7C5D1E}.Debug R26|x64.Build.0 = Debug R26|x64
		{B8D7C3F2-9E5A-4A1F-8D2B-3E6F9A7C5D1E}.Release R26|x64.ActiveCfg = Release R26|x64
		{B8D7C3F2-9E5A-4A1F-8D2B-3E6F9A7C5D1E}.Release R26|x64.Build.0 = Release R26|x64
	EndGlobalSection
EndGlobal